version = 1
revision = 3
requires-python = ">=3.11"

[[package]]
name = "click"
version = "8.2.1"
source = { registry = "https://pypi.org/simple" }
dependencies = [
    { name = "colorama", marker = "sys_platform == 'win32'" },
]
sdist = { url = "https://files.pythonhosted.org/packages/60/6c/8ca2efa64cf75a977a0d7fac081354553ebe483345c734fb6b6515d96bbc/click-8.2.1.tar.gz", hash = "sha256:27c491cc05d968d271d5a1db13e3b5a184636d9d930f148c50b038f0d0646202", size = 286342, upload-time = "2025-05-20T23:19:49.832Z" }
wheels = [
    { url = "https://files.pythonhosted.org/packages/85/32/10bb5764d90a8eee674e9dc6f4db6a0ab47c8c4d0d83c27f7c39ac415a4d/click-8.2.1-py3-none-any.whl", hash = "sha256:61a3265b914e850b85317d0b3109c7f8cd35a670f963866005d6ef1d5175a12b", size = 102215, upload-time = "2025-05-20T23:19:47.796Z" },
]

[[package]]
name = "colorama"
version = "0.4.6"
source = { registry = "https://pypi.org/simple" }
sdist = { url = "https://files.pythonhosted.org/packages/d8/53/6f443c9a4a8358a93a6792e2acffb9d9d5cb0a5cfd8802644b7b1c9a02e4/colorama-0.4.6.tar.gz", hash = "sha256:08695f5cb7ed6e0531a20572697297273c47b8cae5a63ffc6d6ed5c201be6e44", size = 27697, upload-time = "2022-10-25T02:36:22.414Z" }
wheels = [
    { url = "https://files.pythonhosted.org/packages/d1/d6/3965ed04c63042e047cb6a3e6ed1a63a35087b6a609aa3a15ed8ac56c221/colorama-0.4.6-py2.py3-none-any.whl", hash = "sha256:4f1d9991f5acc0ca119f9d443620b77f9d6b33703e51011c16baf57afb285fc6", size = 25335, upload-time = "2022-10-25T02:36:20.889Z" },
]

[[package]]
name = "json-fix"
version = "1.0.0"
source = { registry = "https://pypi.org/simple" }
sdist = { url = "https://files.pythonhosted.org/packages/33/95/f9721bad4ebd1980cc930cc14170079d01645031abfbf5545473baee0941/json_fix-1.0.0.tar.gz", hash = "sha256:625b3fc2f7c7c8855eb3e6669c366163cc9b95dbf8e8568fa07f42a65b8d4672", size = 3932, upload-time = "2024-02-13T18:15:31.472Z" }
wheels = [
    { url = "https://files.pythonhosted.org/packages/f6/a2/7ab49b838badff7f43bae3338b90d8f0ebef3672eb12634b619305a9db62/json_fix-1.0.0-py3-none-any.whl", hash = "sha256:1b7d622572f3c7dd653ce9e5a87a4c645a437be7ee622bc916bccb145789055b", size = 3837, upload-time = "2024-02-13T18:15:29.802Z" },
]

[[package]]
name = "riscv-formal"
version = "0.1.0"
source = { editable = "." }
dependencies = [
    { name = "json-fix" },
    { name = "yosys-mau" },
]

[package.metadata]
requires-dist = [
    { name = "json-fix", specifier = ">=1.0.0" },
    { name = "yosys-mau", git = "https://github.com/YosysHQ/mau.git" },
]

[[package]]
name = "typing-extensions"
version = "4.14.1"
source = { registry = "https://pypi.org/simple" }
sdist = { url = "https://files.pythonhosted.org/packages/98/5a/da40306b885cc8c09109dc2e1abd358d5684b1425678151cdaed4731c822/typing_extensions-4.14.1.tar.gz", hash = "sha256:38b39f4aeeab64884ce9f74c94263ef78f3c22467c8724005483154c26648d36", size = 107673, upload-time = "2025-07-04T13:28:34.16Z" }
wheels = [
    { url = "https://files.pythonhosted.org/packages/b5/00/d631e67a838026495268c2f6884f3711a15a9a2a96cd244fdaea53b823fb/typing_extensions-4.14.1-py3-none-any.whl", hash = "sha256:d1e1e3b58374dc93031d6eda2420a48ea44a36c2b4766a4fdeb3710755731d76", size = 43906, upload-time = "2025-07-04T13:28:32.743Z" },
]

[[package]]
name = "yosys-mau"
version = "0.0.2"
source = { git = "https://github.com/YosysHQ/mau.git#5ab774c335704710474bc2b1f6739198f8fc72af" }
dependencies = [
    { name = "click" },
    { name = "typing-extensions" },
]
